
Microsoft Visual Studio Solution File, Format Version 12.00
# Visual Studio 2012
Project("{FAE04EC0-301F-11D3-BF4B-00C04F79EFBC}") = "LessonManager", "LessonManager\LessonManager.csproj", "{7AEA9D13-A698-452B-824C-D19FB677AAB3}"
EndProject
Project("{FAE04EC0-301F-11D3-BF4B-00C04F79EFBC}") = "ClassLibrary1", "ClassLibrary1\ClassLibrary1.csproj", "{423D3297-2877-4FC5-8B5D-1AA036E95161}"
EndProject
Global
	GlobalSection(SolutionConfigurationPlatforms) = preSolution
		Debug|Any CPU = Debug|Any CPU
		Release|Any CPU = Release|Any CPU
	EndGlobalSection
	GlobalSection(ProjectConfigurationPlatforms) = postSolution
		{7AEA9D13-A698-452B-824C-D19FB677AAB3}.Debug|Any CPU.ActiveCfg = Debug|Any CPU
		{7AEA9D13-A698-452B-824C-D19FB677AAB3}.Debug|Any CPU.Build.0 = Debug|Any CPU
		{7AEA9D13-A698-452B-824C-D19FB677AAB3}.Release|Any CPU.ActiveCfg = Release|Any CPU
		{7AEA9D13-A698-452B-824C-D19FB677AAB3}.Release|Any CPU.Build.0 = Release|Any CPU
		{423D3297-2877-4FC5-8B5D-1AA036E95161}.Debug|Any CPU.ActiveCfg = Debug|Any CPU
		{423D3297-2877-4FC5-8B5D-1AA036E95161}.Debug|Any CPU.Build.0 = Debug|Any CPU
		{423D3297-2877-4FC5-8B5D-1AA036E95161}.Release|Any CPU.ActiveCfg = Release|Any CPU
		{423D3297-2877-4FC5-8B5D-1AA036E95161}.Release|Any CPU.Build.0 = Release|Any CPU
	EndGlobalSection
	GlobalSection(SolutionProperties) = preSolution
		HideSolutionNode = FALSE
	EndGlobalSection
EndGlobal
